
Microsoft Visual Studio Solution File, Format Version 11.00
# Visual Studio 2010
Project("{FAE04EC0-301F-11D3-BF4B-00C04F79EFBC}") = "CoffeeParser", "CoffeeParser\CoffeeParser.csproj", "{A0BF6E7E-76FA-4315-A9A2-0F8FDD48D0EB}"
EndProject
Project("{FAE04EC0-301F-11D3-BF4B-00C04F79EFBC}") = "CoffeeParserTest", "CoffeeParserTest\CoffeeParserTest.csproj", "{BBF8E343-B34C-4227-A65D-CCA4CDCEAA1E}"
EndProject
Project("{FAE04EC0-301F-11D3-BF4B-00C04F79EFBC}") = "CoffeeLite", "CoffeeLite\CoffeeLite.csproj", "{B03E0173-346A-43B8-8E36-3630DF9C904B}"
EndProject
Project("{FAE04EC0-301F-11D3-BF4B-00C04F79EFBC}") = "Parser", "Parser\Parser.csproj", "{6B5B29BF-DC7E-4A9C-A660-C75F5867BBC1}"
EndProject
Global
	GlobalSection(SolutionConfigurationPlatforms) = preSolution
		Debug|Any CPU = Debug|Any CPU
		Debug|Mixed Platforms = Debug|Mixed Platforms
		Debug|x86 = Debug|x86
		Release|Any CPU = Release|Any CPU
		Release|Mixed Platforms = Release|Mixed Platforms
		Release|x86 = Release|x86
	EndGlobalSection
	GlobalSection(ProjectConfigurationPlatforms) = postSolution
		{A0BF6E7E-76FA-4315-A9A2-0F8FDD48D0EB}.Debug|Any CPU.ActiveCfg = Debug|Any CPU
		{A0BF6E7E-76FA-4315-A9A2-0F8FDD48D0EB}.Debug|Any CPU.Build.0 = Debug|Any CPU
		{A0BF6E7E-76FA-4315-A9A2-0F8FDD48D0EB}.Debug|Mixed Platforms.ActiveCfg = Debug|Any CPU
		{A0BF6E7E-76FA-4315-A9A2-0F8FDD48D0EB}.Debug|Mixed Platforms.Build.0 = Debug|Any CPU
		{A0BF6E7E-76FA-4315-A9A2-0F8FDD48D0EB}.Debug|x86.ActiveCfg = Debug|Any CPU
		{A0BF6E7E-76FA-4315-A9A2-0F8FDD48D0EB}.Release|Any CPU.ActiveCfg = Release|Any CPU
		{A0BF6E7E-76FA-4315-A9A2-0F8FDD48D0EB}.Release|Any CPU.Build.0 = Release|Any CPU
		{A0BF6E7E-76FA-4315-A9A2-0F8FDD48D0EB}.Release|Mixed Platforms.ActiveCfg = Release|Any CPU
		{A0BF6E7E-76FA-4315-A9A2-0F8FDD48D0EB}.Release|Mixed Platforms.Build.0 = Release|Any CPU
		{A0BF6E7E-76FA-4315-A9A2-0F8FDD48D0EB}.Release|x86.ActiveCfg = Release|Any CPU
		{BBF8E343-B34C-4227-A65D-CCA4CDCEAA1E}.Debug|Any CPU.ActiveCfg = Debug|x86
		{BBF8E343-B34C-4227-A65D-CCA4CDCEAA1E}.Debug|Mixed Platforms.ActiveCfg = Debug|x86
		{BBF8E343-B34C-4227-A65D-CCA4CDCEAA1E}.Debug|Mixed Platforms.Build.0 = Debug|x86
		{BBF8E343-B34C-4227-A65D-CCA4CDCEAA1E}.Debug|x86.ActiveCfg = Debug|x86
		{BBF8E343-B34C-4227-A65D-CCA4CDCEAA1E}.Debug|x86.Build.0 = Debug|x86
		{BBF8E343-B34C-4227-A65D-CCA4CDCEAA1E}.Release|Any CPU.ActiveCfg = Release|x86
		{BBF8E343-B34C-4227-A65D-CCA4CDCEAA1E}.Release|Mixed Platforms.ActiveCfg = Release|x86
		{BBF8E343-B34C-4227-A65D-CCA4CDCEAA1E}.Release|Mixed Platforms.Build.0 = Release|x86
		{BBF8E343-B34C-4227-A65D-CCA4CDCEAA1E}.Release|x86.ActiveCfg = Release|x86
		{BBF8E343-B34C-4227-A65D-CCA4CDCEAA1E}.Release|x86.Build.0 = Release|x86
		{B03E0173-346A-43B8-8E36-3630DF9C904B}.Debug|Any CPU.ActiveCfg = Debug|Any CPU
		{B03E0173-346A-43B8-8E36-3630DF9C904B}.Debug|Any CPU.Build.0 = Debug|Any CPU
		{B03E0173-346A-43B8-8E36-3630DF9C904B}.Debug|Mixed Platforms.ActiveCfg = Debug|Any CPU
		{B03E0173-346A-43B8-8E36-3630DF9C904B}.Debug|Mixed Platforms.Build.0 = Debug|Any CPU
		{B03E0173-346A-43B8-8E36-3630DF9C904B}.Debug|x86.ActiveCfg = Debug|Any CPU
		{B03E0173-346A-43B8-8E36-3630DF9C904B}.Release|Any CPU.ActiveCfg = Release|Any CPU
		{B03E0173-346A-43B8-8E36-3630DF9C904B}.Release|Any CPU.Build.0 = Release|Any CPU
		{B03E0173-346A-43B8-8E36-3630DF9C904B}.Release|Mixed Platforms.ActiveCfg = Release|Any CPU
		{B03E0173-346A-43B8-8E36-3630DF9C904B}.Release|Mixed Platforms.Build.0 = Release|Any CPU
		{B03E0173-346A-43B8-8E36-3630DF9C904B}.Release|x86.ActiveCfg = Release|Any CPU
		{6B5B29BF-DC7E-4A9C-A660-C75F5867BBC1}.Debug|Any CPU.ActiveCfg = Debug|x86
		{6B5B29BF-DC7E-4A9C-A660-C75F5867BBC1}.Debug|Mixed Platforms.ActiveCfg = Debug|x86
		{6B5B29BF-DC7E-4A9C-A660-C75F5867BBC1}.Debug|Mixed Platforms.Build.0 = Debug|x86
		{6B5B29BF-DC7E-4A9C-A660-C75F5867BBC1}.Debug|x86.ActiveCfg = Debug|x86
		{6B5B29BF-DC7E-4A9C-A660-C75F5867BBC1}.Debug|x86.Build.0 = Debug|x86
		{6B5B29BF-DC7E-4A9C-A660-C75F5867BBC1}.Release|Any CPU.ActiveCfg = Release|x86
		{6B5B29BF-DC7E-4A9C-A660-C75F5867BBC1}.Release|Mixed Platforms.ActiveCfg = Release|x86
		{6B5B29BF-DC7E-4A9C-A660-C75F5867BBC1}.Release|Mixed Platforms.Build.0 = Release|x86
		{6B5B29BF-DC7E-4A9C-A660-C75F5867BBC1}.Release|x86.ActiveCfg = Release|x86
		{6B5B29BF-DC7E-4A9C-A660-C75F5867BBC1}.Release|x86.Build.0 = Release|x86
	EndGlobalSection
	GlobalSection(SolutionProperties) = preSolution
		HideSolutionNode = FALSE
	EndGlobalSection
EndGlobal
